
Microsoft Visual Studio Solution File, Format Version 12.00
# Visual Studio Version 17
VisualStudioVersion = 17.14.36221.1 d17.14
MinimumVisualStudioVersion = 10.0.40219.1
Project("{FAE04EC0-301F-11D3-BF4B-00C04F79EFBC}") = "DocumentAssembler", "DocumentAssembler\DocumentAssembler.csproj", "{C78507D6-067E-4865-A5B6-553156F5E101}"
EndProject
Project("{FAE04EC0-301F-11D3-BF4B-00C04F79EFBC}") = "DocumentAssemblerTest1", "DocumentAssemblerTest1\DocumentAssemblerTest1.csproj", "{CAF5E050-03B5-4AB1-96DF-2B6E5B92FFD3}"
EndProject
Global
	GlobalSection(SolutionConfigurationPlatforms) = preSolution
		Debug|Any CPU = Debug|Any CPU
		Release|Any CPU = Release|Any CPU
	EndGlobalSection
	GlobalSection(ProjectConfigurationPlatforms) = postSolution
		{C78507D6-067E-4865-A5B6-553156F5E101}.Debug|Any CPU.ActiveCfg = Debug|Any CPU
		{C78507D6-067E-4865-A5B6-553156F5E101}.Debug|Any CPU.Build.0 = Debug|Any CPU
		{C78507D6-067E-4865-A5B6-553156F5E101}.Release|Any CPU.ActiveCfg = Release|Any CPU
		{C78507D6-067E-4865-A5B6-553156F5E101}.Release|Any CPU.Build.0 = Release|Any CPU
		{CAF5E050-03B5-4AB1-96DF-2B6E5B92FFD3}.Debug|Any CPU.ActiveCfg = Debug|Any CPU
		{CAF5E050-03B5-4AB1-96DF-2B6E5B92FFD3}.Debug|Any CPU.Build.0 = Debug|Any CPU
		{CAF5E050-03B5-4AB1-96DF-2B6E5B92FFD3}.Release|Any CPU.ActiveCfg = Release|Any CPU
		{CAF5E050-03B5-4AB1-96DF-2B6E5B92FFD3}.Release|Any CPU.Build.0 = Release|Any CPU
	EndGlobalSection
	GlobalSection(SolutionProperties) = preSolution
		HideSolutionNode = FALSE
	EndGlobalSection
	GlobalSection(ExtensibilityGlobals) = postSolution
		SolutionGuid = {68FBCD0D-7712-4C57-A0EF-AED7250CB02E}
	EndGlobalSection
EndGlobal
